
Microsoft Visual Studio Solution File, Format Version 12.00
# Visual Studio Version 17
VisualStudioVersion = 17.9.34728.123
MinimumVisualStudioVersion = 10.0.40219.1
Project("{FAE04EC0-301F-11D3-BF4B-00C04F79EFBC}") = "Nadine Khaddam1", "Nadine Khaddam1.csproj", "{2F6C805A-3477-42D0-8895-27950C9A369F}"
EndProject
Global
	GlobalSection(SolutionConfigurationPlatforms) = preSolution
		Debug|Any CPU = Debug|Any CPU
		Release|Any CPU = Release|Any CPU
	EndGlobalSection
	GlobalSection(ProjectConfigurationPlatforms) = postSolution
		{2F6C805A-3477-42D0-8895-27950C9A369F}.Debug|Any CPU.ActiveCfg = Debug|Any CPU
		{2F6C805A-3477-42D0-8895-27950C9A369F}.Debug|Any CPU.Build.0 = Debug|Any CPU
		{2F6C805A-3477-42D0-8895-27950C9A369F}.Release|Any CPU.ActiveCfg = Release|Any CPU
		{2F6C805A-3477-42D0-8895-27950C9A369F}.Release|Any CPU.Build.0 = Release|Any CPU
	EndGlobalSection
	GlobalSection(SolutionProperties) = preSolution
		HideSolutionNode = FALSE
	EndGlobalSection
	GlobalSection(ExtensibilityGlobals) = postSolution
		SolutionGuid = {CBE0B96F-3D63-4413-B50B-8A88B43163EA}
	EndGlobalSection
EndGlobal
